
Microsoft Visual Studio Solution File, Format Version 12.00
# Visual Studio Version 16
VisualStudioVersion = 16.0.29920.165
MinimumVisualStudioVersion = 10.0.40219.1
Project("{FAE04EC0-301F-11D3-BF4B-00C04F79EFBC}") = "cw5", "cw5\cw5.csproj", "{A876D2E5-0C04-4F0E-A5B8-6545B2C2E278}"
EndProject
Global
	GlobalSection(SolutionConfigurationPlatforms) = preSolution
		Debug|Any CPU = Debug|Any CPU
		Release|Any CPU = Release|Any CPU
	EndGlobalSection
	GlobalSection(ProjectConfigurationPlatforms) = postSolution
		{A876D2E5-0C04-4F0E-A5B8-6545B2C2E278}.Debug|Any CPU.ActiveCfg = Debug|Any CPU
		{A876D2E5-0C04-4F0E-A5B8-6545B2C2E278}.Debug|Any CPU.Build.0 = Debug|Any CPU
		{A876D2E5-0C04-4F0E-A5B8-6545B2C2E278}.Release|Any CPU.ActiveCfg = Release|Any CPU
		{A876D2E5-0C04-4F0E-A5B8-6545B2C2E278}.Release|Any CPU.Build.0 = Release|Any CPU
	EndGlobalSection
	GlobalSection(SolutionProperties) = preSolution
		HideSolutionNode = FALSE
	EndGlobalSection
	GlobalSection(ExtensibilityGlobals) = postSolution
		SolutionGuid = {77F7DB4A-0F14-43CC-A66C-D6BC89A11E46}
	EndGlobalSection
EndGlobal
